
Microsoft Visual Studio Solution File, Format Version 12.00
# Visual Studio Version 16
VisualStudioVersion = 16.0.28714.193
MinimumVisualStudioVersion = 10.0.40219.1
Project("{2150E333-8FDC-42A3-9474-1A3956D46DE8}") = "examples", "examples", "{854A3DAF-F653-49A2-803C-94C256C98E11}"
EndProject
Project("{2150E333-8FDC-42A3-9474-1A3956D46DE8}") = "tools", "tools", "{FBFB9B6A-CACD-46F8-AC12-2F2227716D5B}"
EndProject
Project("{2150E333-8FDC-42A3-9474-1A3956D46DE8}") = "src", "src", "{99206CFB-B5B3-4F58-A28B-2E00E96B8228}"
EndProject
Project("{2150E333-8FDC-42A3-9474-1A3956D46DE8}") = "test", "test", "{6C99D30A-DA67-4C53-8626-BF8FB4B19FC3}"
EndProject
Project("{9A19103F-16F7-4668-BE54-9A1E7A4F7556}") = "SciTech.Core", "src\SciTech.Core\SciTech.Core.csproj", "{3228C2CA-111F-463C-9CB8-6A6FBC4FB974}"
EndProject
Project("{9A19103F-16F7-4668-BE54-9A1E7A4F7556}") = "SciTech.Rpc", "src\SciTech.Rpc\SciTech.Rpc.csproj", "{D5210E36-227C-4854-84E1-9BAEE5A2553D}"
EndProject
Project("{9A19103F-16F7-4668-BE54-9A1E7A4F7556}") = "SciTech.Rpc.Grpc", "src\SciTech.Rpc.Grpc\SciTech.Rpc.Grpc.csproj", "{5FEB8B5E-3C11-41E5-9280-27CBB29AF70A}"
EndProject
Project("{9A19103F-16F7-4668-BE54-9A1E7A4F7556}") = "SciTech.Rpc.Tests", "test\SciTech.Rpc.Tests\SciTech.Rpc.Tests.csproj", "{69143119-E7B5-4A35-BC9E-9E146AA33067}"
EndProject
Project("{9A19103F-16F7-4668-BE54-9A1E7A4F7556}") = "RpcCodeGen", "tools\RpcCodeGen\RpcCodeGen.csproj", "{D77892C1-2C03-4D0C-9A1E-CA4ED64C8EC4}"
EndProject
Project("{2150E333-8FDC-42A3-9474-1A3956D46DE8}") = "lib", "lib", "{484DA92A-9588-401D-82AE-C98B4157CF36}"
EndProject
Project("{2150E333-8FDC-42A3-9474-1A3956D46DE8}") = "Certs", "Certs", "{A4E35012-8C9A-4EC5-A980-7226BFD4BE99}"
	ProjectSection(SolutionItems) = preProject
		Certs\ca.crt = Certs\ca.crt
		Certs\ca.key = Certs\ca.key
		Certs\client.crt = Certs\client.crt
		Certs\client.key = Certs\client.key
		..\..\grpc-dotnet\examples\Certs\client.pfx = ..\..\grpc-dotnet\examples\Certs\client.pfx
		Certs\server.crt = Certs\server.crt
		Certs\server.key = Certs\server.key
		Certs\server.pfx = Certs\server.pfx
		Certs\TestCertificates.Client.cs = Certs\TestCertificates.Client.cs
		Certs\TestCertificates.Server.cs = Certs\TestCertificates.Server.cs
	EndProjectSection
EndProject
Project("{9A19103F-16F7-4668-BE54-9A1E7A4F7556}") = "SciTech.Rpc.NetGrpc", "src\SciTech.Rpc.NetGrpc\SciTech.Rpc.NetGrpc.csproj", "{360D48AC-C628-40AC-9073-9174A0392F2C}"
EndProject
Project("{2150E333-8FDC-42A3-9474-1A3956D46DE8}") = "Common", "Common", "{EE8FA7B4-6324-4DC5-90D8-7BB2B4260A77}"
	ProjectSection(SolutionItems) = preProject
		examples\Common\IGreeterService.cs = examples\Common\IGreeterService.cs
		examples\Common\IMailBoxManager.cs = examples\Common\IMailBoxManager.cs
	EndProjectSection
EndProject
Project("{2150E333-8FDC-42A3-9474-1A3956D46DE8}") = "Server", "Server", "{B08C6779-5720-4C9D-B8C0-10F77E646E50}"
EndProject
Project("{9A19103F-16F7-4668-BE54-9A1E7A4F7556}") = "NetGrpcServer", "examples\Server\NetGrpcServer\NetGrpcServer.csproj", "{C1F3F72E-AA82-464D-A41C-E8DBDA98484B}"
EndProject
Project("{2150E333-8FDC-42A3-9474-1A3956D46DE8}") = "Clients", "Clients", "{904A3B27-BBD3-4F0B-BA9A-5ADD167C6A9D}"
EndProject
Project("{9A19103F-16F7-4668-BE54-9A1E7A4F7556}") = "GreeterClient", "examples\Clients\GreeterClient\GreeterClient.csproj", "{98B3970C-51DF-4203-B13A-BC001BC22ED9}"
EndProject
Project("{9A19103F-16F7-4668-BE54-9A1E7A4F7556}") = "MailerClient", "examples\Clients\MailerClient\MailerClient.csproj", "{C2E88C8F-D00B-4543-BBD1-1EA04A8D3D4B}"
EndProject
Project("{2150E333-8FDC-42A3-9474-1A3956D46DE8}") = "Common", "Common", "{2DD48BAA-EF41-4384-BFDC-34A3EB98EFC2}"
	ProjectSection(SolutionItems) = preProject
		examples\Clients\Common\RpcExamplesHelper.cs = examples\Clients\Common\RpcExamplesHelper.cs
	EndProjectSection
EndProject
Project("{9A19103F-16F7-4668-BE54-9A1E7A4F7556}") = "SciTech.Rpc.Lightweight", "src\SciTech.Rpc.Lightweight\SciTech.Rpc.Lightweight.csproj", "{6C6F511E-B086-4EA8-BB34-80EBFD225673}"
EndProject
Project("{9A19103F-16F7-4668-BE54-9A1E7A4F7556}") = "GrpcAndLightweightServer", "examples\Server\GrpcAndLightweightServer\GrpcAndLightweightServer.csproj", "{F46D84BC-2C40-41CF-8B0C-DEEC6073CDC7}"
EndProject
Project("{9A19103F-16F7-4668-BE54-9A1E7A4F7556}") = "SciTech.Rpc.NetGrpc.Client", "src\SciTech.Rpc.NetGrpc.Client\SciTech.Rpc.NetGrpc.Client.csproj", "{ACFD4020-F132-445E-8ECE-EC7099A1BAD1}"
EndProject
Project("{9A19103F-16F7-4668-BE54-9A1E7A4F7556}") = "TicketerClient", "examples\Clients\Ticketer\TicketerClient.csproj", "{C73F54F9-BDD0-46FD-928F-5C6AD7A8FE80}"
EndProject
Project("{9A19103F-16F7-4668-BE54-9A1E7A4F7556}") = "SciTech.Rpc.Protobuf", "src\SciTech.Rpc.Protobuf\SciTech.Rpc.Protobuf.csproj", "{5200B5D9-7AD5-466A-BE34-1646094E6F6E}"
EndProject
Project("{9A19103F-16F7-4668-BE54-9A1E7A4F7556}") = "SciTech.Rpc.DependencyInjection", "src\SciTech.Rpc.DependencyInjection\SciTech.Rpc.DependencyInjection.csproj", "{0A017FCE-651B-45B2-8CAD-1E9466DAEFBC}"
EndProject
Project("{2150E333-8FDC-42A3-9474-1A3956D46DE8}") = "analyzer", "analyzer", "{B7AE80AA-76CB-426C-A360-026560114686}"
EndProject
Project("{9A19103F-16F7-4668-BE54-9A1E7A4F7556}") = "SciTech.Rpc.Analyzer", "src\analyzer\SciTech.Rpc.Analyzer\SciTech.Rpc.Analyzer.csproj", "{01717D51-2736-456D-AF2F-BC410EAEC41C}"
EndProject
Project("{FAE04EC0-301F-11D3-BF4B-00C04F79EFBC}") = "SciTech.Rpc.DataContract", "src\SciTech.Rpc.DataContract\SciTech.Rpc.DataContract.csproj", "{37F8D928-6E5B-4D11-825B-6FFC2C846627}"
EndProject
Global
	GlobalSection(SolutionConfigurationPlatforms) = preSolution
		Debug|Any CPU = Debug|Any CPU
		Release|Any CPU = Release|Any CPU
		VS|Any CPU = VS|Any CPU
	EndGlobalSection
	GlobalSection(ProjectConfigurationPlatforms) = postSolution
		{3228C2CA-111F-463C-9CB8-6A6FBC4FB974}.Debug|Any CPU.ActiveCfg = Debug|Any CPU
		{3228C2CA-111F-463C-9CB8-6A6FBC4FB974}.Debug|Any CPU.Build.0 = Debug|Any CPU
		{3228C2CA-111F-463C-9CB8-6A6FBC4FB974}.Release|Any CPU.ActiveCfg = Release|Any CPU
		{3228C2CA-111F-463C-9CB8-6A6FBC4FB974}.Release|Any CPU.Build.0 = Release|Any CPU
		{3228C2CA-111F-463C-9CB8-6A6FBC4FB974}.VS|Any CPU.ActiveCfg = Debug|Any CPU
		{3228C2CA-111F-463C-9CB8-6A6FBC4FB974}.VS|Any CPU.Build.0 = Debug|Any CPU
		{D5210E36-227C-4854-84E1-9BAEE5A2553D}.Debug|Any CPU.ActiveCfg = Debug|Any CPU
		{D5210E36-227C-4854-84E1-9BAEE5A2553D}.Debug|Any CPU.Build.0 = Debug|Any CPU
		{D5210E36-227C-4854-84E1-9BAEE5A2553D}.Release|Any CPU.ActiveCfg = Release|Any CPU
		{D5210E36-227C-4854-84E1-9BAEE5A2553D}.Release|Any CPU.Build.0 = Release|Any CPU
		{D5210E36-227C-4854-84E1-9BAEE5A2553D}.VS|Any CPU.ActiveCfg = Debug|Any CPU
		{D5210E36-227C-4854-84E1-9BAEE5A2553D}.VS|Any CPU.Build.0 = Debug|Any CPU
		{5FEB8B5E-3C11-41E5-9280-27CBB29AF70A}.Debug|Any CPU.ActiveCfg = Debug|Any CPU
		{5FEB8B5E-3C11-41E5-9280-27CBB29AF70A}.Debug|Any CPU.Build.0 = Debug|Any CPU
		{5FEB8B5E-3C11-41E5-9280-27CBB29AF70A}.Release|Any CPU.ActiveCfg = Release|Any CPU
		{5FEB8B5E-3C11-41E5-9280-27CBB29AF70A}.Release|Any CPU.Build.0 = Release|Any CPU
		{5FEB8B5E-3C11-41E5-9280-27CBB29AF70A}.VS|Any CPU.ActiveCfg = Debug|Any CPU
		{5FEB8B5E-3C11-41E5-9280-27CBB29AF70A}.VS|Any CPU.Build.0 = Debug|Any CPU
		{69143119-E7B5-4A35-BC9E-9E146AA33067}.Debug|Any CPU.ActiveCfg = Debug|Any CPU
		{69143119-E7B5-4A35-BC9E-9E146AA33067}.Debug|Any CPU.Build.0 = Debug|Any CPU
		{69143119-E7B5-4A35-BC9E-9E146AA33067}.Release|Any CPU.ActiveCfg = Release|Any CPU
		{69143119-E7B5-4A35-BC9E-9E146AA33067}.Release|Any CPU.Build.0 = Release|Any CPU
		{69143119-E7B5-4A35-BC9E-9E146AA33067}.VS|Any CPU.ActiveCfg = Debug|Any CPU
		{69143119-E7B5-4A35-BC9E-9E146AA33067}.VS|Any CPU.Build.0 = Debug|Any CPU
		{D77892C1-2C03-4D0C-9A1E-CA4ED64C8EC4}.Debug|Any CPU.ActiveCfg = Debug|Any CPU
		{D77892C1-2C03-4D0C-9A1E-CA4ED64C8EC4}.Debug|Any CPU.Build.0 = Debug|Any CPU
		{D77892C1-2C03-4D0C-9A1E-CA4ED64C8EC4}.Release|Any CPU.ActiveCfg = Release|Any CPU
		{D77892C1-2C03-4D0C-9A1E-CA4ED64C8EC4}.Release|Any CPU.Build.0 = Release|Any CPU
		{D77892C1-2C03-4D0C-9A1E-CA4ED64C8EC4}.VS|Any CPU.ActiveCfg = Debug|Any CPU
		{D77892C1-2C03-4D0C-9A1E-CA4ED64C8EC4}.VS|Any CPU.Build.0 = Debug|Any CPU
		{360D48AC-C628-40AC-9073-9174A0392F2C}.Debug|Any CPU.ActiveCfg = Debug|Any CPU
		{360D48AC-C628-40AC-9073-9174A0392F2C}.Debug|Any CPU.Build.0 = Debug|Any CPU
		{360D48AC-C628-40AC-9073-9174A0392F2C}.Release|Any CPU.ActiveCfg = Release|Any CPU
		{360D48AC-C628-40AC-9073-9174A0392F2C}.Release|Any CPU.Build.0 = Release|Any CPU
		{360D48AC-C628-40AC-9073-9174A0392F2C}.VS|Any CPU.ActiveCfg = Debug|Any CPU
		{360D48AC-C628-40AC-9073-9174A0392F2C}.VS|Any CPU.Build.0 = Debug|Any CPU
		{C1F3F72E-AA82-464D-A41C-E8DBDA98484B}.Debug|Any CPU.ActiveCfg = Debug|Any CPU
		{C1F3F72E-AA82-464D-A41C-E8DBDA98484B}.Debug|Any CPU.Build.0 = Debug|Any CPU
		{C1F3F72E-AA82-464D-A41C-E8DBDA98484B}.Release|Any CPU.ActiveCfg = Release|Any CPU
		{C1F3F72E-AA82-464D-A41C-E8DBDA98484B}.Release|Any CPU.Build.0 = Release|Any CPU
		{C1F3F72E-AA82-464D-A41C-E8DBDA98484B}.VS|Any CPU.ActiveCfg = Debug|Any CPU
		{C1F3F72E-AA82-464D-A41C-E8DBDA98484B}.VS|Any CPU.Build.0 = Debug|Any CPU
		{98B3970C-51DF-4203-B13A-BC001BC22ED9}.Debug|Any CPU.ActiveCfg = Debug|Any CPU
		{98B3970C-51DF-4203-B13A-BC001BC22ED9}.Debug|Any CPU.Build.0 = Debug|Any CPU
		{98B3970C-51DF-4203-B13A-BC001BC22ED9}.Release|Any CPU.ActiveCfg = Release|Any CPU
		{98B3970C-51DF-4203-B13A-BC001BC22ED9}.Release|Any CPU.Build.0 = Release|Any CPU
		{98B3970C-51DF-4203-B13A-BC001BC22ED9}.VS|Any CPU.ActiveCfg = Debug|Any CPU
		{98B3970C-51DF-4203-B13A-BC001BC22ED9}.VS|Any CPU.Build.0 = Debug|Any CPU
		{C2E88C8F-D00B-4543-BBD1-1EA04A8D3D4B}.Debug|Any CPU.ActiveCfg = Debug|Any CPU
		{C2E88C8F-D00B-4543-BBD1-1EA04A8D3D4B}.Debug|Any CPU.Build.0 = Debug|Any CPU
		{C2E88C8F-D00B-4543-BBD1-1EA04A8D3D4B}.Release|Any CPU.ActiveCfg = Release|Any CPU
		{C2E88C8F-D00B-4543-BBD1-1EA04A8D3D4B}.Release|Any CPU.Build.0 = Release|Any CPU
		{C2E88C8F-D00B-4543-BBD1-1EA04A8D3D4B}.VS|Any CPU.ActiveCfg = Debug|Any CPU
		{C2E88C8F-D00B-4543-BBD1-1EA04A8D3D4B}.VS|Any CPU.Build.0 = Debug|Any CPU
		{6C6F511E-B086-4EA8-BB34-80EBFD225673}.Debug|Any CPU.ActiveCfg = Debug|Any CPU
		{6C6F511E-B086-4EA8-BB34-80EBFD225673}.Debug|Any CPU.Build.0 = Debug|Any CPU
		{6C6F511E-B086-4EA8-BB34-80EBFD225673}.Release|Any CPU.ActiveCfg = Release|Any CPU
		{6C6F511E-B086-4EA8-BB34-80EBFD225673}.Release|Any CPU.Build.0 = Release|Any CPU
		{6C6F511E-B086-4EA8-BB34-80EBFD225673}.VS|Any CPU.ActiveCfg = Debug|Any CPU
		{6C6F511E-B086-4EA8-BB34-80EBFD225673}.VS|Any CPU.Build.0 = Debug|Any CPU
		{F46D84BC-2C40-41CF-8B0C-DEEC6073CDC7}.Debug|Any CPU.ActiveCfg = Debug|Any CPU
		{F46D84BC-2C40-41CF-8B0C-DEEC6073CDC7}.Debug|Any CPU.Build.0 = Debug|Any CPU
		{F46D84BC-2C40-41CF-8B0C-DEEC6073CDC7}.Release|Any CPU.ActiveCfg = Release|Any CPU
		{F46D84BC-2C40-41CF-8B0C-DEEC6073CDC7}.Release|Any CPU.Build.0 = Release|Any CPU
		{F46D84BC-2C40-41CF-8B0C-DEEC6073CDC7}.VS|Any CPU.ActiveCfg = Debug|Any CPU
		{F46D84BC-2C40-41CF-8B0C-DEEC6073CDC7}.VS|Any CPU.Build.0 = Debug|Any CPU
		{ACFD4020-F132-445E-8ECE-EC7099A1BAD1}.Debug|Any CPU.ActiveCfg = Debug|Any CPU
		{ACFD4020-F132-445E-8ECE-EC7099A1BAD1}.Debug|Any CPU.Build.0 = Debug|Any CPU
		{ACFD4020-F132-445E-8ECE-EC7099A1BAD1}.Release|Any CPU.ActiveCfg = Release|Any CPU
		{ACFD4020-F132-445E-8ECE-EC7099A1BAD1}.Release|Any CPU.Build.0 = Release|Any CPU
		{ACFD4020-F132-445E-8ECE-EC7099A1BAD1}.VS|Any CPU.ActiveCfg = Debug|Any CPU
		{ACFD4020-F132-445E-8ECE-EC7099A1BAD1}.VS|Any CPU.Build.0 = Debug|Any CPU
		{C73F54F9-BDD0-46FD-928F-5C6AD7A8FE80}.Debug|Any CPU.ActiveCfg = Debug|Any CPU
		{C73F54F9-BDD0-46FD-928F-5C6AD7A8FE80}.Debug|Any CPU.Build.0 = Debug|Any CPU
		{C73F54F9-BDD0-46FD-928F-5C6AD7A8FE80}.Release|Any CPU.ActiveCfg = Release|Any CPU
		{C73F54F9-BDD0-46FD-928F-5C6AD7A8FE80}.Release|Any CPU.Build.0 = Release|Any CPU
		{C73F54F9-BDD0-46FD-928F-5C6AD7A8FE80}.VS|Any CPU.ActiveCfg = Debug|Any CPU
		{C73F54F9-BDD0-46FD-928F-5C6AD7A8FE80}.VS|Any CPU.Build.0 = Debug|Any CPU
		{5200B5D9-7AD5-466A-BE34-1646094E6F6E}.Debug|Any CPU.ActiveCfg = Debug|Any CPU
		{5200B5D9-7AD5-466A-BE34-1646094E6F6E}.Debug|Any CPU.Build.0 = Debug|Any CPU
		{5200B5D9-7AD5-466A-BE34-1646094E6F6E}.Release|Any CPU.ActiveCfg = Release|Any CPU
		{5200B5D9-7AD5-466A-BE34-1646094E6F6E}.Release|Any CPU.Build.0 = Release|Any CPU
		{5200B5D9-7AD5-466A-BE34-1646094E6F6E}.VS|Any CPU.ActiveCfg = Debug|Any CPU
		{5200B5D9-7AD5-466A-BE34-1646094E6F6E}.VS|Any CPU.Build.0 = Debug|Any CPU
		{0A017FCE-651B-45B2-8CAD-1E9466DAEFBC}.Debug|Any CPU.ActiveCfg = Debug|Any CPU
		{0A017FCE-651B-45B2-8CAD-1E9466DAEFBC}.Debug|Any CPU.Build.0 = Debug|Any CPU
		{0A017FCE-651B-45B2-8CAD-1E9466DAEFBC}.Release|Any CPU.ActiveCfg = Release|Any CPU
		{0A017FCE-651B-45B2-8CAD-1E9466DAEFBC}.Release|Any CPU.Build.0 = Release|Any CPU
		{0A017FCE-651B-45B2-8CAD-1E9466DAEFBC}.VS|Any CPU.ActiveCfg = Debug|Any CPU
		{0A017FCE-651B-45B2-8CAD-1E9466DAEFBC}.VS|Any CPU.Build.0 = Debug|Any CPU
		{01717D51-2736-456D-AF2F-BC410EAEC41C}.Debug|Any CPU.ActiveCfg = Debug|Any CPU
		{01717D51-2736-456D-AF2F-BC410EAEC41C}.Debug|Any CPU.Build.0 = Debug|Any CPU
		{01717D51-2736-456D-AF2F-BC410EAEC41C}.Release|Any CPU.ActiveCfg = Release|Any CPU
		{01717D51-2736-456D-AF2F-BC410EAEC41C}.Release|Any CPU.Build.0 = Release|Any CPU
		{01717D51-2736-456D-AF2F-BC410EAEC41C}.VS|Any CPU.ActiveCfg = Debug|Any CPU
		{01717D51-2736-456D-AF2F-BC410EAEC41C}.VS|Any CPU.Build.0 = Debug|Any CPU
		{37F8D928-6E5B-4D11-825B-6FFC2C846627}.Debug|Any CPU.ActiveCfg = Debug|Any CPU
		{37F8D928-6E5B-4D11-825B-6FFC2C846627}.Debug|Any CPU.Build.0 = Debug|Any CPU
		{37F8D928-6E5B-4D11-825B-6FFC2C846627}.Release|Any CPU.ActiveCfg = Release|Any CPU
		{37F8D928-6E5B-4D11-825B-6FFC2C846627}.Release|Any CPU.Build.0 = Release|Any CPU
		{37F8D928-6E5B-4D11-825B-6FFC2C846627}.VS|Any CPU.ActiveCfg = Debug|Any CPU
		{37F8D928-6E5B-4D11-825B-6FFC2C846627}.VS|Any CPU.Build.0 = Debug|Any CPU
	EndGlobalSection
	GlobalSection(SolutionProperties) = preSolution
		HideSolutionNode = FALSE
	EndGlobalSection
	GlobalSection(NestedProjects) = preSolution
		{3228C2CA-111F-463C-9CB8-6A6FBC4FB974} = {99206CFB-B5B3-4F58-A28B-2E00E96B8228}
		{D5210E36-227C-4854-84E1-9BAEE5A2553D} = {99206CFB-B5B3-4F58-A28B-2E00E96B8228}
		{5FEB8B5E-3C11-41E5-9280-27CBB29AF70A} = {99206CFB-B5B3-4F58-A28B-2E00E96B8228}
		{69143119-E7B5-4A35-BC9E-9E146AA33067} = {6C99D30A-DA67-4C53-8626-BF8FB4B19FC3}
		{D77892C1-2C03-4D0C-9A1E-CA4ED64C8EC4} = {FBFB9B6A-CACD-46F8-AC12-2F2227716D5B}
		{360D48AC-C628-40AC-9073-9174A0392F2C} = {99206CFB-B5B3-4F58-A28B-2E00E96B8228}
		{EE8FA7B4-6324-4DC5-90D8-7BB2B4260A77} = {854A3DAF-F653-49A2-803C-94C256C98E11}
		{B08C6779-5720-4C9D-B8C0-10F77E646E50} = {854A3DAF-F653-49A2-803C-94C256C98E11}
		{C1F3F72E-AA82-464D-A41C-E8DBDA98484B} = {B08C6779-5720-4C9D-B8C0-10F77E646E50}
		{904A3B27-BBD3-4F0B-BA9A-5ADD167C6A9D} = {854A3DAF-F653-49A2-803C-94C256C98E11}
		{98B3970C-51DF-4203-B13A-BC001BC22ED9} = {904A3B27-BBD3-4F0B-BA9A-5ADD167C6A9D}
		{C2E88C8F-D00B-4543-BBD1-1EA04A8D3D4B} = {904A3B27-BBD3-4F0B-BA9A-5ADD167C6A9D}
		{2DD48BAA-EF41-4384-BFDC-34A3EB98EFC2} = {904A3B27-BBD3-4F0B-BA9A-5ADD167C6A9D}
		{6C6F511E-B086-4EA8-BB34-80EBFD225673} = {99206CFB-B5B3-4F58-A28B-2E00E96B8228}
		{F46D84BC-2C40-41CF-8B0C-DEEC6073CDC7} = {B08C6779-5720-4C9D-B8C0-10F77E646E50}
		{ACFD4020-F132-445E-8ECE-EC7099A1BAD1} = {99206CFB-B5B3-4F58-A28B-2E00E96B8228}
		{C73F54F9-BDD0-46FD-928F-5C6AD7A8FE80} = {904A3B27-BBD3-4F0B-BA9A-5ADD167C6A9D}
		{5200B5D9-7AD5-466A-BE34-1646094E6F6E} = {99206CFB-B5B3-4F58-A28B-2E00E96B8228}
		{0A017FCE-651B-45B2-8CAD-1E9466DAEFBC} = {99206CFB-B5B3-4F58-A28B-2E00E96B8228}
		{B7AE80AA-76CB-426C-A360-026560114686} = {99206CFB-B5B3-4F58-A28B-2E00E96B8228}
		{01717D51-2736-456D-AF2F-BC410EAEC41C} = {B7AE80AA-76CB-426C-A360-026560114686}
		{37F8D928-6E5B-4D11-825B-6FFC2C846627} = {99206CFB-B5B3-4F58-A28B-2E00E96B8228}
	EndGlobalSection
	GlobalSection(ExtensibilityGlobals) = postSolution
		SolutionGuid = {FDB676FA-C3D7-4415-B518-C0285B6C67A8}
	EndGlobalSection
EndGlobal
